// !$*UTF8*$!
{
	archiveVersion = 1;
	classes = {
	};
	objectVersion = 55;
	objects = {

/* Begin PBXBuildFile section */
		5D1017B62A0634CA002C16F0 /* FirebaseStoreManager.swift in Sources */ = {isa = PBXBuildFile; fileRef = 5D1017B52A0634CA002C16F0 /* FirebaseStoreManager.swift */; };
		5D1017B82A0638FA002C16F0 /* CompleteHostProfileViewController.swift in Sources */ = {isa = PBXBuildFile; fileRef = 5D1017B72A0638FA002C16F0 /* CompleteHostProfileViewController.swift */; };
		5D1017BA2A070D89002C16F0 /* FanRegistrationViewController.swift in Sources */ = {isa = PBXBuildFile; fileRef = 5D1017B92A070D89002C16F0 /* FanRegistrationViewController.swift */; };
		5D20044F2A3C56C800ECB76B /* EditHostProfileViewController.swift in Sources */ = {isa = PBXBuildFile; fileRef = 5D20044E2A3C56C800ECB76B /* EditHostProfileViewController.swift */; };
		5D2004512A3CFF4200ECB76B /* CircleView.swift in Sources */ = {isa = PBXBuildFile; fileRef = 5D2004502A3CFF4200ECB76B /* CircleView.swift */; };
		5D23AE8E297226D9005EF56F /* UpdateProfileViewController.swift in Sources */ = {isa = PBXBuildFile; fileRef = 5D23AE8D297226D9005EF56F /* UpdateProfileViewController.swift */; };
		5D23AE9029723EAA005EF56F /* AddSocialMediaViewController.swift in Sources */ = {isa = PBXBuildFile; fileRef = 5D23AE8F29723EAA005EF56F /* AddSocialMediaViewController.swift */; };
		5D23AE9229724519005EF56F /* SocialMediaModel.swift in Sources */ = {isa = PBXBuildFile; fileRef = 5D23AE9129724519005EF56F /* SocialMediaModel.swift */; };
		5D23AE9629737A60005EF56F /* HostProfileViewController.swift in Sources */ = {isa = PBXBuildFile; fileRef = 5D23AE9529737A60005EF56F /* HostProfileViewController.swift */; };
		5D23AE9829738EA6005EF56F /* EditSocialMediaViewContoller.swift in Sources */ = {isa = PBXBuildFile; fileRef = 5D23AE9729738EA6005EF56F /* EditSocialMediaViewContoller.swift */; };
		5D23AE9A29747960005EF56F /* AddEventViewController.swift in Sources */ = {isa = PBXBuildFile; fileRef = 5D23AE9929747960005EF56F /* AddEventViewController.swift */; };
		5D23AE9C2974AF5D005EF56F /* Google_Places_Cell.swift in Sources */ = {isa = PBXBuildFile; fileRef = 5D23AE9B2974AF5D005EF56F /* Google_Places_Cell.swift */; };
		5D23AE9E2974B070005EF56F /* GooglePlacesManager.swift in Sources */ = {isa = PBXBuildFile; fileRef = 5D23AE9D2974B070005EF56F /* GooglePlacesManager.swift */; };
		5D23AEA22974B1A0005EF56F /* EventModel.swift in Sources */ = {isa = PBXBuildFile; fileRef = 5D23AEA12974B1A0005EF56F /* EventModel.swift */; };
		5D23AEA42974C761005EF56F /* Event_TableView_Cell.swift in Sources */ = {isa = PBXBuildFile; fileRef = 5D23AEA32974C761005EF56F /* Event_TableView_Cell.swift */; };
		5D23AEA62975E9FB005EF56F /* EditEventViewController.swift in Sources */ = {isa = PBXBuildFile; fileRef = 5D23AEA52975E9FB005EF56F /* EditEventViewController.swift */; };
		5D23AEAA297775F3005EF56F /* ShowHostProfileViewController.swift in Sources */ = {isa = PBXBuildFile; fileRef = 5D23AEA9297775F3005EF56F /* ShowHostProfileViewController.swift */; };
		5D23AEAC2979EC31005EF56F /* FollowModel.swift in Sources */ = {isa = PBXBuildFile; fileRef = 5D23AEAB2979EC31005EF56F /* FollowModel.swift */; };
		5D3A4A092A14CA0C00E23AED /* FavouritesViewController.swift in Sources */ = {isa = PBXBuildFile; fileRef = 5D3A4A082A14CA0C00E23AED /* FavouritesViewController.swift */; };
		5D3A4A0B2A14D01400E23AED /* MyEventViewController.swift in Sources */ = {isa = PBXBuildFile; fileRef = 5D3A4A0A2A14D01400E23AED /* MyEventViewController.swift */; };
		5D3A4A0D2A15762900E23AED /* SuccessViewController.swift in Sources */ = {isa = PBXBuildFile; fileRef = 5D3A4A0C2A15762900E23AED /* SuccessViewController.swift */; };
		5D3A4A0F2A15764A00E23AED /* success.json in Resources */ = {isa = PBXBuildFile; fileRef = 5D3A4A0E2A15764900E23AED /* success.json */; };
		5D8648D929460B8100E4A646 /* AppDelegate.swift in Sources */ = {isa = PBXBuildFile; fileRef = 5D8648D829460B8100E4A646 /* AppDelegate.swift */; };
		5D8648DB29460B8100E4A646 /* SceneDelegate.swift in Sources */ = {isa = PBXBuildFile; fileRef = 5D8648DA29460B8100E4A646 /* SceneDelegate.swift */; };
		5D8648DD29460B8100E4A646 /* WelcomeViewController.swift in Sources */ = {isa = PBXBuildFile; fileRef = 5D8648DC29460B8100E4A646 /* WelcomeViewController.swift */; };
		5D8648E029460B8100E4A646 /* Main.storyboard in Resources */ = {isa = PBXBuildFile; fileRef = 5D8648DE29460B8100E4A646 /* Main.storyboard */; };
		5D8648E229460B8300E4A646 /* Assets.xcassets in Resources */ = {isa = PBXBuildFile; fileRef = 5D8648E129460B8300E4A646 /* Assets.xcassets */; };
		5D8648E529460B8300E4A646 /* LaunchScreen.storyboard in Resources */ = {isa = PBXBuildFile; fileRef = 5D8648E329460B8300E4A646 /* LaunchScreen.storyboard */; };
		5D8648F829460D3200E4A646 /* montmedium.ttf in Resources */ = {isa = PBXBuildFile; fileRef = 5D8648F129460D2B00E4A646 /* montmedium.ttf */; };
		5D8648F929460D3200E4A646 /* montbold.ttf in Resources */ = {isa = PBXBuildFile; fileRef = 5D8648F229460D2C00E4A646 /* montbold.ttf */; };
		5D8648FA29460D3200E4A646 /* montextrabold.ttf in Resources */ = {isa = PBXBuildFile; fileRef = 5D8648F329460D2D00E4A646 /* montextrabold.ttf */; };
		5D8648FB29460D3200E4A646 /* montsemibold.ttf in Resources */ = {isa = PBXBuildFile; fileRef = 5D8648F429460D2E00E4A646 /* montsemibold.ttf */; };
		5D8648FC29460D3200E4A646 /* montregular.ttf in Resources */ = {isa = PBXBuildFile; fileRef = 5D8648F529460D2F00E4A646 /* montregular.ttf */; };
		5D8648FD29460D3200E4A646 /* roboto_regular.ttf in Resources */ = {isa = PBXBuildFile; fileRef = 5D8648F629460D3000E4A646 /* roboto_regular.ttf */; };
		5D8648FE29460D3200E4A646 /* montblack.ttf in Resources */ = {isa = PBXBuildFile; fileRef = 5D8648F729460D3100E4A646 /* montblack.ttf */; };
		5D86490329460D4600E4A646 /* MyGesture.swift in Sources */ = {isa = PBXBuildFile; fileRef = 5D8648FF29460D4300E4A646 /* MyGesture.swift */; };
		5D86490429460D4600E4A646 /* Root.swift in Sources */ = {isa = PBXBuildFile; fileRef = 5D86490029460D4400E4A646 /* Root.swift */; };
		5D86490529460D4600E4A646 /* Constants.swift in Sources */ = {isa = PBXBuildFile; fileRef = 5D86490129460D4500E4A646 /* Constants.swift */; };
		5D86490629460D4600E4A646 /* MyExtensions.swift in Sources */ = {isa = PBXBuildFile; fileRef = 5D86490229460D4600E4A646 /* MyExtensions.swift */; };
		5D8649082946153E00E4A646 /* SignInviewController.swift in Sources */ = {isa = PBXBuildFile; fileRef = 5D8649072946153E00E4A646 /* SignInviewController.swift */; };
		5D86490A2946154A00E4A646 /* HostRegistrationViewController.swift in Sources */ = {isa = PBXBuildFile; fileRef = 5D8649092946154A00E4A646 /* HostRegistrationViewController.swift */; };
		5D86490E2946327F00E4A646 /* UserModel.swift in Sources */ = {isa = PBXBuildFile; fileRef = 5D86490D2946327F00E4A646 /* UserModel.swift */; };
		5D8649112946353500E4A646 /* GoogleService-Info.plist in Resources */ = {isa = PBXBuildFile; fileRef = 5D8649102946353500E4A646 /* GoogleService-Info.plist */; };
		5D86491329466FE000E4A646 /* HomeViewController.swift in Sources */ = {isa = PBXBuildFile; fileRef = 5D86491229466FE000E4A646 /* HomeViewController.swift */; };
		5D864915294671AD00E4A646 /* HostTableViewCell.swift in Sources */ = {isa = PBXBuildFile; fileRef = 5D864914294671AD00E4A646 /* HostTableViewCell.swift */; };
		5D8649172946725D00E4A646 /* TabBarViewController.swift in Sources */ = {isa = PBXBuildFile; fileRef = 5D8649162946725D00E4A646 /* TabBarViewController.swift */; };
		5D9025602970B57E00AA7F97 /* ProfileViewController.swift in Sources */ = {isa = PBXBuildFile; fileRef = 5D90255F2970B57E00AA7F97 /* ProfileViewController.swift */; };
		5D9025632971B74700AA7F97 /* MembershipOverlayViewController.swift in Sources */ = {isa = PBXBuildFile; fileRef = 5D9025612971B74700AA7F97 /* MembershipOverlayViewController.swift */; };
		5D9025642971B74700AA7F97 /* MembershipOverlayViewController.xib in Resources */ = {isa = PBXBuildFile; fileRef = 5D9025622971B74700AA7F97 /* MembershipOverlayViewController.xib */; };
		5D9025662971B9C200AA7F97 /* MembershipViewController.swift in Sources */ = {isa = PBXBuildFile; fileRef = 5D9025652971B9C200AA7F97 /* MembershipViewController.swift */; };
		5DB3364929EE1049004E458C /* EntryPageViewController.swift in Sources */ = {isa = PBXBuildFile; fileRef = 5DB3364829EE1049004E458C /* EntryPageViewController.swift */; };
		5DD7FAD42A44E6BD00D03C55 /* EventDetailsViewController.swift in Sources */ = {isa = PBXBuildFile; fileRef = 5DD7FAD32A44E6BD00D03C55 /* EventDetailsViewController.swift */; };
		6767EA066847D830B4686EF6 /* Pods_IMAB.framework in Frameworks */ = {isa = PBXBuildFile; fileRef = 2FEC53166BF1A79A4D55B72F /* Pods_IMAB.framework */; };
/* End PBXBuildFile section */

/* Begin PBXFileReference section */
		2FEC53166BF1A79A4D55B72F /* Pods_IMAB.framework */ = {isa = PBXFileReference; explicitFileType = wrapper.framework; includeInIndex = 0; path = Pods_IMAB.framework; sourceTree = BUILT_PRODUCTS_DIR; };
		5D1017B52A0634CA002C16F0 /* FirebaseStoreManager.swift */ = {isa = PBXFileReference; lastKnownFileType = sourcecode.swift; path = FirebaseStoreManager.swift; sourceTree = "<group>"; };
		5D1017B72A0638FA002C16F0 /* CompleteHostProfileViewController.swift */ = {isa = PBXFileReference; lastKnownFileType = sourcecode.swift; path = CompleteHostProfileViewController.swift; sourceTree = "<group>"; };
		5D1017B92A070D89002C16F0 /* FanRegistrationViewController.swift */ = {isa = PBXFileReference; lastKnownFileType = sourcecode.swift; path = FanRegistrationViewController.swift; sourceTree = "<group>"; };
		5D20044E2A3C56C800ECB76B /* EditHostProfileViewController.swift */ = {isa = PBXFileReference; lastKnownFileType = sourcecode.swift; path = EditHostProfileViewController.swift; sourceTree = "<group>"; };
		5D2004502A3CFF4200ECB76B /* CircleView.swift */ = {isa = PBXFileReference; lastKnownFileType = sourcecode.swift; path = CircleView.swift; sourceTree = "<group>"; };
		5D23AE8D297226D9005EF56F /* UpdateProfileViewController.swift */ = {isa = PBXFileReference; lastKnownFileType = sourcecode.swift; path = UpdateProfileViewController.swift; sourceTree = "<group>"; };
		5D23AE8F29723EAA005EF56F /* AddSocialMediaViewController.swift */ = {isa = PBXFileReference; lastKnownFileType = sourcecode.swift; path = AddSocialMediaViewController.swift; sourceTree = "<group>"; };
		5D23AE9129724519005EF56F /* SocialMediaModel.swift */ = {isa = PBXFileReference; lastKnownFileType = sourcecode.swift; path = SocialMediaModel.swift; sourceTree = "<group>"; };
		5D23AE9529737A60005EF56F /* HostProfileViewController.swift */ = {isa = PBXFileReference; lastKnownFileType = sourcecode.swift; path = HostProfileViewController.swift; sourceTree = "<group>"; };
		5D23AE9729738EA6005EF56F /* EditSocialMediaViewContoller.swift */ = {isa = PBXFileReference; lastKnownFileType = sourcecode.swift; path = EditSocialMediaViewContoller.swift; sourceTree = "<group>"; };
		5D23AE9929747960005EF56F /* AddEventViewController.swift */ = {isa = PBXFileReference; lastKnownFileType = sourcecode.swift; path = AddEventViewController.swift; sourceTree = "<group>"; };
		5D23AE9B2974AF5D005EF56F /* Google_Places_Cell.swift */ = {isa = PBXFileReference; lastKnownFileType = sourcecode.swift; path = Google_Places_Cell.swift; sourceTree = "<group>"; };
		5D23AE9D2974B070005EF56F /* GooglePlacesManager.swift */ = {isa = PBXFileReference; lastKnownFileType = sourcecode.swift; path = GooglePlacesManager.swift; sourceTree = "<group>"; };
		5D23AEA12974B1A0005EF56F /* EventModel.swift */ = {isa = PBXFileReference; lastKnownFileType = sourcecode.swift; path = EventModel.swift; sourceTree = "<group>"; };
		5D23AEA32974C761005EF56F /* Event_TableView_Cell.swift */ = {isa = PBXFileReference; lastKnownFileType = sourcecode.swift; path = Event_TableView_Cell.swift; sourceTree = "<group>"; };
		5D23AEA52975E9FB005EF56F /* EditEventViewController.swift */ = {isa = PBXFileReference; lastKnownFileType = sourcecode.swift; path = EditEventViewController.swift; sourceTree = "<group>"; };
		5D23AEA9297775F3005EF56F /* ShowHostProfileViewController.swift */ = {isa = PBXFileReference; lastKnownFileType = sourcecode.swift; path = ShowHostProfileViewController.swift; sourceTree = "<group>"; };
		5D23AEAB2979EC31005EF56F /* FollowModel.swift */ = {isa = PBXFileReference; lastKnownFileType = sourcecode.swift; path = FollowModel.swift; sourceTree = "<group>"; };
		5D3A4A082A14CA0C00E23AED /* FavouritesViewController.swift */ = {isa = PBXFileReference; lastKnownFileType = sourcecode.swift; path = FavouritesViewController.swift; sourceTree = "<group>"; };
		5D3A4A0A2A14D01400E23AED /* MyEventViewController.swift */ = {isa = PBXFileReference; lastKnownFileType = sourcecode.swift; path = MyEventViewController.swift; sourceTree = "<group>"; };
		5D3A4A0C2A15762900E23AED /* SuccessViewController.swift */ = {isa = PBXFileReference; lastKnownFileType = sourcecode.swift; path = SuccessViewController.swift; sourceTree = "<group>"; };
		5D3A4A0E2A15764900E23AED /* success.json */ = {isa = PBXFileReference; fileEncoding = 4; lastKnownFileType = text.json; path = success.json; sourceTree = "<group>"; };
		5D8648D529460B8100E4A646 /* IMAB.app */ = {isa = PBXFileReference; explicitFileType = wrapper.application; includeInIndex = 0; path = IMAB.app; sourceTree = BUILT_PRODUCTS_DIR; };
		5D8648D829460B8100E4A646 /* AppDelegate.swift */ = {isa = PBXFileReference; lastKnownFileType = sourcecode.swift; path = AppDelegate.swift; sourceTree = "<group>"; };
		5D8648DA29460B8100E4A646 /* SceneDelegate.swift */ = {isa = PBXFileReference; lastKnownFileType = sourcecode.swift; path = SceneDelegate.swift; sourceTree = "<group>"; };
		5D8648DC29460B8100E4A646 /* WelcomeViewController.swift */ = {isa = PBXFileReference; lastKnownFileType = sourcecode.swift; path = WelcomeViewController.swift; sourceTree = "<group>"; };
		5D8648DF29460B8100E4A646 /* Base */ = {isa = PBXFileReference; lastKnownFileType = file.storyboard; name = Base; path = Base.lproj/Main.storyboard; sourceTree = "<group>"; };
		5D8648E129460B8300E4A646 /* Assets.xcassets */ = {isa = PBXFileReference; lastKnownFileType = folder.assetcatalog; path = Assets.xcassets; sourceTree = "<group>"; };
		5D8648E429460B8300E4A646 /* Base */ = {isa = PBXFileReference; lastKnownFileType = file.storyboard; name = Base; path = Base.lproj/LaunchScreen.storyboard; sourceTree = "<group>"; };
		5D8648E629460B8300E4A646 /* Info.plist */ = {isa = PBXFileReference; lastKnownFileType = text.plist.xml; path = Info.plist; sourceTree = "<group>"; };
		5D8648F129460D2B00E4A646 /* montmedium.ttf */ = {isa = PBXFileReference; lastKnownFileType = file; path = montmedium.ttf; sourceTree = "<group>"; };
		5D8648F229460D2C00E4A646 /* montbold.ttf */ = {isa = PBXFileReference; lastKnownFileType = file; path = montbold.ttf; sourceTree = "<group>"; };
		5D8648F329460D2D00E4A646 /* montextrabold.ttf */ = {isa = PBXFileReference; lastKnownFileType = file; path = montextrabold.ttf; sourceTree = "<group>"; };
		5D8648F429460D2E00E4A646 /* montsemibold.ttf */ = {isa = PBXFileReference; lastKnownFileType = file; path = montsemibold.ttf; sourceTree = "<group>"; };
		5D8648F529460D2F00E4A646 /* montregular.ttf */ = {isa = PBXFileReference; lastKnownFileType = file; path = montregular.ttf; sourceTree = "<group>"; };
		5D8648F629460D3000E4A646 /* roboto_regular.ttf */ = {isa = PBXFileReference; lastKnownFileType = file; path = roboto_regular.ttf; sourceTree = "<group>"; };
		5D8648F729460D3100E4A646 /* montblack.ttf */ = {isa = PBXFileReference; lastKnownFileType = file; path = montblack.ttf; sourceTree = "<group>"; };
		5D8648FF29460D4300E4A646 /* MyGesture.swift */ = {isa = PBXFileReference; fileEncoding = 4; lastKnownFileType = sourcecode.swift; path = MyGesture.swift; sourceTree = "<group>"; };
		5D86490029460D4400E4A646 /* Root.swift */ = {isa = PBXFileReference; fileEncoding = 4; lastKnownFileType = sourcecode.swift; path = Root.swift; sourceTree = "<group>"; };
		5D86490129460D4500E4A646 /* Constants.swift */ = {isa = PBXFileReference; fileEncoding = 4; lastKnownFileType = sourcecode.swift; path = Constants.swift; sourceTree = "<group>"; };
		5D86490229460D4600E4A646 /* MyExtensions.swift */ = {isa = PBXFileReference; fileEncoding = 4; lastKnownFileType = sourcecode.swift; path = MyExtensions.swift; sourceTree = "<group>"; };
		5D8649072946153E00E4A646 /* SignInviewController.swift */ = {isa = PBXFileReference; lastKnownFileType = sourcecode.swift; path = SignInviewController.swift; sourceTree = "<group>"; };
		5D8649092946154A00E4A646 /* HostRegistrationViewController.swift */ = {isa = PBXFileReference; lastKnownFileType = sourcecode.swift; path = HostRegistrationViewController.swift; sourceTree = "<group>"; };
		5D86490D2946327F00E4A646 /* UserModel.swift */ = {isa = PBXFileReference; lastKnownFileType = sourcecode.swift; path = UserModel.swift; sourceTree = "<group>"; };
		5D86490F2946348100E4A646 /* IMAB.entitlements */ = {isa = PBXFileReference; lastKnownFileType = text.plist.entitlements; path = IMAB.entitlements; sourceTree = "<group>"; };
		5D8649102946353500E4A646 /* GoogleService-Info.plist */ = {isa = PBXFileReference; fileEncoding = 4; lastKnownFileType = text.plist.xml; path = "GoogleService-Info.plist"; sourceTree = "<group>"; };
		5D86491229466FE000E4A646 /* HomeViewController.swift */ = {isa = PBXFileReference; lastKnownFileType = sourcecode.swift; path = HomeViewController.swift; sourceTree = "<group>"; };
		5D864914294671AD00E4A646 /* HostTableViewCell.swift */ = {isa = PBXFileReference; lastKnownFileType = sourcecode.swift; path = HostTableViewCell.swift; sourceTree = "<group>"; };
		5D8649162946725D00E4A646 /* TabBarViewController.swift */ = {isa = PBXFileReference; lastKnownFileType = sourcecode.swift; path = TabBarViewController.swift; sourceTree = "<group>"; };
		5D90255F2970B57E00AA7F97 /* ProfileViewController.swift */ = {isa = PBXFileReference; lastKnownFileType = sourcecode.swift; path = ProfileViewController.swift; sourceTree = "<group>"; };
		5D9025612971B74700AA7F97 /* MembershipOverlayViewController.swift */ = {isa = PBXFileReference; lastKnownFileType = sourcecode.swift; path = MembershipOverlayViewController.swift; sourceTree = "<group>"; };
		5D9025622971B74700AA7F97 /* MembershipOverlayViewController.xib */ = {isa = PBXFileReference; lastKnownFileType = file.xib; path = MembershipOverlayViewController.xib; sourceTree = "<group>"; };
		5D9025652971B9C200AA7F97 /* MembershipViewController.swift */ = {isa = PBXFileReference; lastKnownFileType = sourcecode.swift; path = MembershipViewController.swift; sourceTree = "<group>"; };
		5DB3364829EE1049004E458C /* EntryPageViewController.swift */ = {isa = PBXFileReference; lastKnownFileType = sourcecode.swift; path = EntryPageViewController.swift; sourceTree = "<group>"; };
		5DD7FAD32A44E6BD00D03C55 /* EventDetailsViewController.swift */ = {isa = PBXFileReference; lastKnownFileType = sourcecode.swift; path = EventDetailsViewController.swift; sourceTree = "<group>"; };
		7EEC5E55117252877B16E37C /* Pods-IMAB.release.xcconfig */ = {isa = PBXFileReference; includeInIndex = 1; lastKnownFileType = text.xcconfig; name = "Pods-IMAB.release.xcconfig"; path = "Target Support Files/Pods-IMAB/Pods-IMAB.release.xcconfig"; sourceTree = "<group>"; };
		A9C3C4F017824432BCF0E214 /* Pods-IMAB.debug.xcconfig */ = {isa = PBXFileReference; includeInIndex = 1; lastKnownFileType = text.xcconfig; name = "Pods-IMAB.debug.xcconfig"; path = "Target Support Files/Pods-IMAB/Pods-IMAB.debug.xcconfig"; sourceTree = "<group>"; };
/* End PBXFileReference section */

/* Begin PBXFrameworksBuildPhase section */
		5D8648D229460B8100E4A646 /* Frameworks */ = {
			isa = PBXFrameworksBuildPhase;
			buildActionMask = 2147483647;
			files = (
				6767EA066847D830B4686EF6 /* Pods_IMAB.framework in Frameworks */,
			);
			runOnlyForDeploymentPostprocessing = 0;
		};
/* End PBXFrameworksBuildPhase section */

/* Begin PBXGroup section */
		5D23AE8C297226CA005EF56F /* Host */ = {
			isa = PBXGroup;
			children = (
				5D23AE8D297226D9005EF56F /* UpdateProfileViewController.swift */,
				5D23AE9529737A60005EF56F /* HostProfileViewController.swift */,
				5D23AE8F29723EAA005EF56F /* AddSocialMediaViewController.swift */,
				5D23AE9729738EA6005EF56F /* EditSocialMediaViewContoller.swift */,
				5D23AE9929747960005EF56F /* AddEventViewController.swift */,
				5D23AEA52975E9FB005EF56F /* EditEventViewController.swift */,
				5D20044E2A3C56C800ECB76B /* EditHostProfileViewController.swift */,
			);
			path = Host;
			sourceTree = "<group>";
		};
		5D4FFC54D50431386A04C104 /* Frameworks */ = {
			isa = PBXGroup;
			children = (
				2FEC53166BF1A79A4D55B72F /* Pods_IMAB.framework */,
			);
			name = Frameworks;
			sourceTree = "<group>";
		};
		5D8648CC29460B8100E4A646 = {
			isa = PBXGroup;
			children = (
				5D8648D729460B8100E4A646 /* IMAB */,
				5D8648D629460B8100E4A646 /* Products */,
				89BEA2C76C6E964DEC7B31FB /* Pods */,
				5D4FFC54D50431386A04C104 /* Frameworks */,
			);
			sourceTree = "<group>";
		};
		5D8648D629460B8100E4A646 /* Products */ = {
			isa = PBXGroup;
			children = (
				5D8648D529460B8100E4A646 /* IMAB.app */,
			);
			name = Products;
			sourceTree = "<group>";
		};
		5D8648D729460B8100E4A646 /* IMAB */ = {
			isa = PBXGroup;
			children = (
				5D86490F2946348100E4A646 /* IMAB.entitlements */,
				5D8648F029460C6E00E4A646 /* Font */,
				5D8648EF29460C6500E4A646 /* Util */,
				5D8648EE29460C5D00E4A646 /* Model */,
				5D8648ED29460C5600E4A646 /* ViewController */,
				5D8648EC29460C4E00E4A646 /* View */,
				5D8648D829460B8100E4A646 /* AppDelegate.swift */,
				5D8648DA29460B8100E4A646 /* SceneDelegate.swift */,
				5D8649102946353500E4A646 /* GoogleService-Info.plist */,
				5D3A4A0E2A15764900E23AED /* success.json */,
				5D8648E629460B8300E4A646 /* Info.plist */,
			);
			path = IMAB;
			sourceTree = "<group>";
		};
		5D8648EC29460C4E00E4A646 /* View */ = {
			isa = PBXGroup;
			children = (
				5D8648DE29460B8100E4A646 /* Main.storyboard */,
				5D8648E129460B8300E4A646 /* Assets.xcassets */,
				5D8648E329460B8300E4A646 /* LaunchScreen.storyboard */,
				5D864914294671AD00E4A646 /* HostTableViewCell.swift */,
				5D9025612971B74700AA7F97 /* MembershipOverlayViewController.swift */,
				5D9025622971B74700AA7F97 /* MembershipOverlayViewController.xib */,
				5D23AE9B2974AF5D005EF56F /* Google_Places_Cell.swift */,
				5D23AEA32974C761005EF56F /* Event_TableView_Cell.swift */,
				5D2004502A3CFF4200ECB76B /* CircleView.swift */,
			);
			path = View;
			sourceTree = "<group>";
		};
		5D8648ED29460C5600E4A646 /* ViewController */ = {
			isa = PBXGroup;
			children = (
				5D23AE8C297226CA005EF56F /* Host */,
				5D8648DC29460B8100E4A646 /* WelcomeViewController.swift */,
				5DB3364829EE1049004E458C /* EntryPageViewController.swift */,
				5D8649092946154A00E4A646 /* HostRegistrationViewController.swift */,
				5D1017B92A070D89002C16F0 /* FanRegistrationViewController.swift */,
				5D1017B72A0638FA002C16F0 /* CompleteHostProfileViewController.swift */,
				5D8649072946153E00E4A646 /* SignInviewController.swift */,
				5D8649162946725D00E4A646 /* TabBarViewController.swift */,
				5D86491229466FE000E4A646 /* HomeViewController.swift */,
				5D90255F2970B57E00AA7F97 /* ProfileViewController.swift */,
				5D9025652971B9C200AA7F97 /* MembershipViewController.swift */,
				5D23AEA9297775F3005EF56F /* ShowHostProfileViewController.swift */,
				5D3A4A082A14CA0C00E23AED /* FavouritesViewController.swift */,
				5D3A4A0A2A14D01400E23AED /* MyEventViewController.swift */,
				5D3A4A0C2A15762900E23AED /* SuccessViewController.swift */,
				5DD7FAD32A44E6BD00D03C55 /* EventDetailsViewController.swift */,
			);
			path = ViewController;
			sourceTree = "<group>";
		};
		5D8648EE29460C5D00E4A646 /* Model */ = {
			isa = PBXGroup;
			children = (
				5D86490D2946327F00E4A646 /* UserModel.swift */,
				5D23AE9129724519005EF56F /* SocialMediaModel.swift */,
				5D23AEA12974B1A0005EF56F /* EventModel.swift */,
				5D23AEAB2979EC31005EF56F /* FollowModel.swift */,
			);
			path = Model;
			sourceTree = "<group>";
		};
		5D8648EF29460C6500E4A646 /* Util */ = {
			isa = PBXGroup;
			children = (
				5D86490129460D4500E4A646 /* Constants.swift */,
				5D86490229460D4600E4A646 /* MyExtensions.swift */,
				5D8648FF29460D4300E4A646 /* MyGesture.swift */,
				5D86490029460D4400E4A646 /* Root.swift */,
				5D23AE9D2974B070005EF56F /* GooglePlacesManager.swift */,
				5D1017B52A0634CA002C16F0 /* FirebaseStoreManager.swift */,
			);
			path = Util;
			sourceTree = "<group>";
		};
		5D8648F029460C6E00E4A646 /* Font */ = {
			isa = PBXGroup;
			children = (
				5D8648F729460D3100E4A646 /* montblack.ttf */,
				5D8648F229460D2C00E4A646 /* montbold.ttf */,
				5D8648F329460D2D00E4A646 /* montextrabold.ttf */,
				5D8648F129460D2B00E4A646 /* montmedium.ttf */,
				5D8648F529460D2F00E4A646 /* montregular.ttf */,
				5D8648F429460D2E00E4A646 /* montsemibold.ttf */,
				5D8648F629460D3000E4A646 /* roboto_regular.ttf */,
			);
			path = Font;
			sourceTree = "<group>";
		};
		89BEA2C76C6E964DEC7B31FB /* Pods */ = {
			isa = PBXGroup;
			children = (
				A9C3C4F017824432BCF0E214 /* Pods-IMAB.debug.xcconfig */,
				7EEC5E55117252877B16E37C /* Pods-IMAB.release.xcconfig */,
			);
			path = Pods;
			sourceTree = "<group>";
		};
/* End PBXGroup section */

/* Begin PBXNativeTarget section */
		5D8648D429460B8100E4A646 /* IMAB */ = {
			isa = PBXNativeTarget;
			buildConfigurationList = 5D8648E929460B8300E4A646 /* Build configuration list for PBXNativeTarget "IMAB" */;
			buildPhases = (
				C9AA2EA67ADBDD0403A39EC6 /* [CP] Check Pods Manifest.lock */,
				5D8648D129460B8100E4A646 /* Sources */,
				5D8648D229460B8100E4A646 /* Frameworks */,
				5D8648D329460B8100E4A646 /* Resources */,
				D59BFD4FA80C4E7688288570 /* [CP] Embed Pods Frameworks */,
				895EB86F2A3E9C9F084BB7D2 /* [CP] Copy Pods Resources */,
			);
			buildRules = (
			);
			dependencies = (
			);
			name = IMAB;
			productName = IMAB;
			productReference = 5D8648D529460B8100E4A646 /* IMAB.app */;
			productType = "com.apple.product-type.application";
		};
/* End PBXNativeTarget section */

/* Begin PBXProject section */
		5D8648CD29460B8100E4A646 /* Project object */ = {
			isa = PBXProject;
			attributes = {
				BuildIndependentTargetsInParallel = 1;
				LastSwiftUpdateCheck = 1410;
				LastUpgradeCheck = 1410;
				TargetAttributes = {
					5D8648D429460B8100E4A646 = {
						CreatedOnToolsVersion = 14.1;
					};
				};
			};
			buildConfigurationList = 5D8648D029460B8100E4A646 /* Build configuration list for PBXProject "IMAB" */;
			compatibilityVersion = "Xcode 13.0";
			developmentRegion = en;
			hasScannedForEncodings = 0;
			knownRegions = (
				en,
				Base,
			);
			mainGroup = 5D8648CC29460B8100E4A646;
			productRefGroup = 5D8648D629460B8100E4A646 /* Products */;
			projectDirPath = "";
			projectRoot = "";
			targets = (
				5D8648D429460B8100E4A646 /* IMAB */,
			);
		};
/* End PBXProject section */

/* Begin PBXResourcesBuildPhase section */
		5D8648D329460B8100E4A646 /* Resources */ = {
			isa = PBXResourcesBuildPhase;
			buildActionMask = 2147483647;
			files = (
				5D8649112946353500E4A646 /* GoogleService-Info.plist in Resources */,
				5D8648FE29460D3200E4A646 /* montblack.ttf in Resources */,
				5D8648FA29460D3200E4A646 /* montextrabold.ttf in Resources */,
				5D3A4A0F2A15764A00E23AED /* success.json in Resources */,
				5D8648E529460B8300E4A646 /* LaunchScreen.storyboard in Resources */,
				5D8648FB29460D3200E4A646 /* montsemibold.ttf in Resources */,
				5D8648FC29460D3200E4A646 /* montregular.ttf in Resources */,
				5D8648F829460D3200E4A646 /* montmedium.ttf in Resources */,
				5D8648E229460B8300E4A646 /* Assets.xcassets in Resources */,
				5D8648E029460B8100E4A646 /* Main.storyboard in Resources */,
				5D9025642971B74700AA7F97 /* MembershipOverlayViewController.xib in Resources */,
				5D8648FD29460D3200E4A646 /* roboto_regular.ttf in Resources */,
				5D8648F929460D3200E4A646 /* montbold.ttf in Resources */,
			);
			runOnlyForDeploymentPostprocessing = 0;
		};
/* End PBXResourcesBuildPhase section */

/* Begin PBXShellScriptBuildPhase section */
		895EB86F2A3E9C9F084BB7D2 /* [CP] Copy Pods Resources */ = {
			isa = PBXShellScriptBuildPhase;
			buildActionMask = 2147483647;
			files = (
			);
			inputFileListPaths = (
				"${PODS_ROOT}/Target Support Files/Pods-IMAB/Pods-IMAB-resources-${CONFIGURATION}-input-files.xcfilelist",
			);
			name = "[CP] Copy Pods Resources";
			outputFileListPaths = (
				"${PODS_ROOT}/Target Support Files/Pods-IMAB/Pods-IMAB-resources-${CONFIGURATION}-output-files.xcfilelist",
			);
			runOnlyForDeploymentPostprocessing = 0;
			shellPath = /bin/sh;
			shellScript = "\"${PODS_ROOT}/Target Support Files/Pods-IMAB/Pods-IMAB-resources.sh\"\n";
			showEnvVarsInLog = 0;
		};
		C9AA2EA67ADBDD0403A39EC6 /* [CP] Check Pods Manifest.lock */ = {
			isa = PBXShellScriptBuildPhase;
			buildActionMask = 2147483647;
			files = (
			);
			inputFileListPaths = (
			);
			inputPaths = (
				"${PODS_PODFILE_DIR_PATH}/Podfile.lock",
				"${PODS_ROOT}/Manifest.lock",
			);
			name = "[CP] Check Pods Manifest.lock";
			outputFileListPaths = (
			);
			outputPaths = (
				"$(DERIVED_FILE_DIR)/Pods-IMAB-checkManifestLockResult.txt",
			);
			runOnlyForDeploymentPostprocessing = 0;
			shellPath = /bin/sh;
			shellScript = "diff \"${PODS_PODFILE_DIR_PATH}/Podfile.lock\" \"${PODS_ROOT}/Manifest.lock\" > /dev/null\nif [ $? != 0 ] ; then\n    # print error to STDERR\n    echo \"error: The sandbox is not in sync with the Podfile.lock. Run 'pod install' or update your CocoaPods installation.\" >&2\n    exit 1\nfi\n# This output is used by Xcode 'outputs' to avoid re-running this script phase.\necho \"SUCCESS\" > \"${SCRIPT_OUTPUT_FILE_0}\"\n";
			showEnvVarsInLog = 0;
		};
		D59BFD4FA80C4E7688288570 /* [CP] Embed Pods Frameworks */ = {
			isa = PBXShellScriptBuildPhase;
			buildActionMask = 2147483647;
			files = (
			);
			inputFileListPaths = (
				"${PODS_ROOT}/Target Support Files/Pods-IMAB/Pods-IMAB-frameworks-${CONFIGURATION}-input-files.xcfilelist",
			);
			name = "[CP] Embed Pods Frameworks";
			outputFileListPaths = (
				"${PODS_ROOT}/Target Support Files/Pods-IMAB/Pods-IMAB-frameworks-${CONFIGURATION}-output-files.xcfilelist",
			);
			runOnlyForDeploymentPostprocessing = 0;
			shellPath = /bin/sh;
			shellScript = "\"${PODS_ROOT}/Target Support Files/Pods-IMAB/Pods-IMAB-frameworks.sh\"\n";
			showEnvVarsInLog = 0;
		};
/* End PBXShellScriptBuildPhase section */

/* Begin PBXSourcesBuildPhase section */
		5D8648D129460B8100E4A646 /* Sources */ = {
			isa = PBXSourcesBuildPhase;
			buildActionMask = 2147483647;
			files = (
				5D86490629460D4600E4A646 /* MyExtensions.swift in Sources */,
				5D1017BA2A070D89002C16F0 /* FanRegistrationViewController.swift in Sources */,
				5D8648DD29460B8100E4A646 /* WelcomeViewController.swift in Sources */,
				5D8648D929460B8100E4A646 /* AppDelegate.swift in Sources */,
				5D20044F2A3C56C800ECB76B /* EditHostProfileViewController.swift in Sources */,
				5D86490A2946154A00E4A646 /* HostRegistrationViewController.swift in Sources */,
				5D23AE9C2974AF5D005EF56F /* Google_Places_Cell.swift in Sources */,
				5DB3364929EE1049004E458C /* EntryPageViewController.swift in Sources */,
				5D9025662971B9C200AA7F97 /* MembershipViewController.swift in Sources */,
				5D3A4A0B2A14D01400E23AED /* MyEventViewController.swift in Sources */,
				5D23AE9229724519005EF56F /* SocialMediaModel.swift in Sources */,
				5D23AEA22974B1A0005EF56F /* EventModel.swift in Sources */,
				5D3A4A0D2A15762900E23AED /* SuccessViewController.swift in Sources */,
				5D8648DB29460B8100E4A646 /* SceneDelegate.swift in Sources */,
				5D23AEA42974C761005EF56F /* Event_TableView_Cell.swift in Sources */,
				5DD7FAD42A44E6BD00D03C55 /* EventDetailsViewController.swift in Sources */,
				5D23AE9A29747960005EF56F /* AddEventViewController.swift in Sources */,
				5D8649082946153E00E4A646 /* SignInviewController.swift in Sources */,
				5D23AE9629737A60005EF56F /* HostProfileViewController.swift in Sources */,
				5D23AEAA297775F3005EF56F /* ShowHostProfileViewController.swift in Sources */,
				5D9025602970B57E00AA7F97 /* ProfileViewController.swift in Sources */,
				5D2004512A3CFF4200ECB76B /* CircleView.swift in Sources */,
				5D86490329460D4600E4A646 /* MyGesture.swift in Sources */,
				5D864915294671AD00E4A646 /* HostTableViewCell.swift in Sources */,
				5D23AE8E297226D9005EF56F /* UpdateProfileViewController.swift in Sources */,
				5D86491329466FE000E4A646 /* HomeViewController.swift in Sources */,
				5D23AE9029723EAA005EF56F /* AddSocialMediaViewController.swift in Sources */,
				5D23AE9E2974B070005EF56F /* GooglePlacesManager.swift in Sources */,
				5D86490429460D4600E4A646 /* Root.swift in Sources */,
				5D9025632971B74700AA7F97 /* MembershipOverlayViewController.swift in Sources */,
				5D23AEA62975E9FB005EF56F /* EditEventViewController.swift in Sources */,
				5D1017B82A0638FA002C16F0 /* CompleteHostProfileViewController.swift in Sources */,
				5D8649172946725D00E4A646 /* TabBarViewController.swift in Sources */,
				5D86490E2946327F00E4A646 /* UserModel.swift in Sources */,
				5D23AE9829738EA6005EF56F /* EditSocialMediaViewContoller.swift in Sources */,
				5D23AEAC2979EC31005EF56F /* FollowModel.swift in Sources */,
				5D1017B62A0634CA002C16F0 /* FirebaseStoreManager.swift in Sources */,
				5D3A4A092A14CA0C00E23AED /* FavouritesViewController.swift in Sources */,
				5D86490529460D4600E4A646 /* Constants.swift in Sources */,
			);
			runOnlyForDeploymentPostprocessing = 0;
		};
/* End PBXSourcesBuildPhase section */

/* Begin PBXVariantGroup section */
		5D8648DE29460B8100E4A646 /* Main.storyboard */ = {
			isa = PBXVariantGroup;
			children = (
				5D8648DF29460B8100E4A646 /* Base */,
			);
			name = Main.storyboard;
			sourceTree = "<group>";
		};
		5D8648E329460B8300E4A646 /* LaunchScreen.storyboard */ = {
			isa = PBXVariantGroup;
			children = (
				5D8648E429460B8300E4A646 /* Base */,
			);
			name = LaunchScreen.storyboard;
			sourceTree = "<group>";
		};
/* End PBXVariantGroup section */

/* Begin XCBuildConfiguration section */
		5D8648E729460B8300E4A646 /* Debug */ = {
			isa = XCBuildConfiguration;
			buildSettings = {
				ALWAYS_SEARCH_USER_PATHS = NO;
				CLANG_ANALYZER_NONNULL = YES;
				CLANG_ANALYZER_NUMBER_OBJECT_CONVERSION = YES_AGGRESSIVE;
				CLANG_CXX_LANGUAGE_STANDARD = "gnu++20";
				CLANG_ENABLE_MODULES = YES;
				CLANG_ENABLE_OBJC_ARC = YES;
				CLANG_ENABLE_OBJC_WEAK = YES;
				CLANG_WARN_BLOCK_CAPTURE_AUTORELEASING = YES;
				CLANG_WARN_BOOL_CONVERSION = YES;
				CLANG_WARN_COMMA = YES;
				CLANG_WARN_CONSTANT_CONVERSION = YES;
				CLANG_WARN_DEPRECATED_OBJC_IMPLEMENTATIONS = YES;
				CLANG_WARN_DIRECT_OBJC_ISA_USAGE = YES_ERROR;
				CLANG_WARN_DOCUMENTATION_COMMENTS = YES;
				CLANG_WARN_EMPTY_BODY = YES;
				CLANG_WARN_ENUM_CONVERSION = YES;
				CLANG_WARN_INFINITE_RECURSION = YES;
				CLANG_WARN_INT_CONVERSION = YES;
				CLANG_WARN_NON_LITERAL_NULL_CONVERSION = YES;
				CLANG_WARN_OBJC_IMPLICIT_RETAIN_SELF = YES;
				CLANG_WARN_OBJC_LITERAL_CONVERSION = YES;
				CLANG_WARN_OBJC_ROOT_CLASS = YES_ERROR;
				CLANG_WARN_QUOTED_INCLUDE_IN_FRAMEWORK_HEADER = YES;
				CLANG_WARN_RANGE_LOOP_ANALYSIS = YES;
				CLANG_WARN_STRICT_PROTOTYPES = YES;
				CLANG_WARN_SUSPICIOUS_MOVE = YES;
				CLANG_WARN_UNGUARDED_AVAILABILITY = YES_AGGRESSIVE;
				CLANG_WARN_UNREACHABLE_CODE = YES;
				CLANG_WARN__DUPLICATE_METHOD_MATCH = YES;
				COPY_PHASE_STRIP = NO;
				DEBUG_INFORMATION_FORMAT = dwarf;
				ENABLE_STRICT_OBJC_MSGSEND = YES;
				ENABLE_TESTABILITY = YES;
				GCC_C_LANGUAGE_STANDARD = gnu11;
				GCC_DYNAMIC_NO_PIC = NO;
				GCC_NO_COMMON_BLOCKS = YES;
				GCC_OPTIMIZATION_LEVEL = 0;
				GCC_PREPROCESSOR_DEFINITIONS = (
					"DEBUG=1",
					"$(inherited)",
				);
				GCC_WARN_64_TO_32_BIT_CONVERSION = YES;
				GCC_WARN_ABOUT_RETURN_TYPE = YES_ERROR;
				GCC_WARN_UNDECLARED_SELECTOR = YES;
				GCC_WARN_UNINITIALIZED_AUTOS = YES_AGGRESSIVE;
				GCC_WARN_UNUSED_FUNCTION = YES;
				GCC_WARN_UNUSED_VARIABLE = YES;
				IPHONEOS_DEPLOYMENT_TARGET = 16.4;
				MTL_ENABLE_DEBUG_INFO = INCLUDE_SOURCE;
				MTL_FAST_MATH = YES;
				ONLY_ACTIVE_ARCH = YES;
				SDKROOT = iphoneos;
				SWIFT_ACTIVE_COMPILATION_CONDITIONS = DEBUG;
				SWIFT_OPTIMIZATION_LEVEL = "-Onone";
			};
			name = Debug;
		};
		5D8648E829460B8300E4A646 /* Release */ = {
			isa = XCBuildConfiguration;
			buildSettings = {
				ALWAYS_SEARCH_USER_PATHS = NO;
				CLANG_ANALYZER_NONNULL = YES;
				CLANG_ANALYZER_NUMBER_OBJECT_CONVERSION = YES_AGGRESSIVE;
				CLANG_CXX_LANGUAGE_STANDARD = "gnu++20";
				CLANG_ENABLE_MODULES = YES;
				CLANG_ENABLE_OBJC_ARC = YES;
				CLANG_ENABLE_OBJC_WEAK = YES;
				CLANG_WARN_BLOCK_CAPTURE_AUTORELEASING = YES;
				CLANG_WARN_BOOL_CONVERSION = YES;
				CLANG_WARN_COMMA = YES;
				CLANG_WARN_CONSTANT_CONVERSION = YES;
				CLANG_WARN_DEPRECATED_OBJC_IMPLEMENTATIONS = YES;
				CLANG_WARN_DIRECT_OBJC_ISA_USAGE = YES_ERROR;
				CLANG_WARN_DOCUMENTATION_COMMENTS = YES;
				CLANG_WARN_EMPTY_BODY = YES;
				CLANG_WARN_ENUM_CONVERSION = YES;
				CLANG_WARN_INFINITE_RECURSION = YES;
				CLANG_WARN_INT_CONVERSION = YES;
				CLANG_WARN_NON_LITERAL_NULL_CONVERSION = YES;
				CLANG_WARN_OBJC_IMPLICIT_RETAIN_SELF = YES;
				CLANG_WARN_OBJC_LITERAL_CONVERSION = YES;
				CLANG_WARN_OBJC_ROOT_CLASS = YES_ERROR;
				CLANG_WARN_QUOTED_INCLUDE_IN_FRAMEWORK_HEADER = YES;
				CLANG_WARN_RANGE_LOOP_ANALYSIS = YES;
				CLANG_WARN_STRICT_PROTOTYPES = YES;
				CLANG_WARN_SUSPICIOUS_MOVE = YES;
				CLANG_WARN_UNGUARDED_AVAILABILITY = YES_AGGRESSIVE;
				CLANG_WARN_UNREACHABLE_CODE = YES;
				CLANG_WARN__DUPLICATE_METHOD_MATCH = YES;
				COPY_PHASE_STRIP = NO;
				DEBUG_INFORMATION_FORMAT = "dwarf-with-dsym";
				ENABLE_NS_ASSERTIONS = NO;
				ENABLE_STRICT_OBJC_MSGSEND = YES;
				GCC_C_LANGUAGE_STANDARD = gnu11;
				GCC_NO_COMMON_BLOCKS = YES;
				GCC_WARN_64_TO_32_BIT_CONVERSION = YES;
				GCC_WARN_ABOUT_RETURN_TYPE = YES_ERROR;
				GCC_WARN_UNDECLARED_SELECTOR = YES;
				GCC_WARN_UNINITIALIZED_AUTOS = YES_AGGRESSIVE;
				GCC_WARN_UNUSED_FUNCTION = YES;
				GCC_WARN_UNUSED_VARIABLE = YES;
				IPHONEOS_DEPLOYMENT_TARGET = 16.4;
				MTL_ENABLE_DEBUG_INFO = NO;
				MTL_FAST_MATH = YES;
				SDKROOT = iphoneos;
				SWIFT_COMPILATION_MODE = wholemodule;
				SWIFT_OPTIMIZATION_LEVEL = "-O";
				VALIDATE_PRODUCT = YES;
			};
			name = Release;
		};
		5D8648EA29460B8300E4A646 /* Debug */ = {
			isa = XCBuildConfiguration;
			baseConfigurationReference = A9C3C4F017824432BCF0E214 /* Pods-IMAB.debug.xcconfig */;
			buildSettings = {
				ASSETCATALOG_COMPILER_APPICON_NAME = AppIcon;
				ASSETCATALOG_COMPILER_GLOBAL_ACCENT_COLOR_NAME = AccentColor;
				CODE_SIGN_ENTITLEMENTS = IMAB/IMAB.entitlements;
				CODE_SIGN_IDENTITY = "Apple Development";
				CODE_SIGN_STYLE = Automatic;
				CURRENT_PROJECT_VERSION = 14;
				DEVELOPMENT_TEAM = "";
				GENERATE_INFOPLIST_FILE = YES;
				INFOPLIST_FILE = IMAB/Info.plist;
				INFOPLIST_KEY_CFBundleDisplayName = IMAB;
				INFOPLIST_KEY_LSApplicationCategoryType = "public.app-category.social-networking";
				INFOPLIST_KEY_NSAppleMusicUsageDescription = "IMAB app want media library access to fetch profile picture";
				INFOPLIST_KEY_NSCalendarsUsageDescription = "IMAB want access calendar to save event date";
				INFOPLIST_KEY_NSCameraUsageDescription = "IMAB app want camera access to capture profile picture ";
				INFOPLIST_KEY_NSLocationWhenInUseUsageDescription = "IMAB need your location to fetch nearest host";
				INFOPLIST_KEY_UIApplicationSupportsIndirectInputEvents = YES;
				INFOPLIST_KEY_UILaunchStoryboardName = LaunchScreen;
				INFOPLIST_KEY_UIMainStoryboardFile = Main;
				INFOPLIST_KEY_UISupportedInterfaceOrientations = UIInterfaceOrientationPortrait;
				INFOPLIST_KEY_UISupportedInterfaceOrientations_iPad = "UIInterfaceOrientationLandscapeLeft UIInterfaceOrientationLandscapeRight UIInterfaceOrientationPortrait UIInterfaceOrientationPortraitUpsideDown";
				INFOPLIST_KEY_UIUserInterfaceStyle = Light;
				IPHONEOS_DEPLOYMENT_TARGET = 14.2;
				LD_RUNPATH_SEARCH_PATHS = (
					"$(inherited)",
					"@executable_path/Frameworks",
				);
				MARKETING_VERSION = 14;
				PRODUCT_BUNDLE_IDENTIFIER = online.softment.IMAB;
				PRODUCT_NAME = "$(TARGET_NAME)";
				PROVISIONING_PROFILE_SPECIFIER = "";
				SUPPORTED_PLATFORMS = "iphoneos iphonesimulator";
				SUPPORTS_MACCATALYST = NO;
				SUPPORTS_MAC_DESIGNED_FOR_IPHONE_IPAD = NO;
				SUPPORTS_XR_DESIGNED_FOR_IPHONE_IPAD = NO;
				SWIFT_EMIT_LOC_STRINGS = YES;
				SWIFT_ENABLE_BATCH_MODE = "";
				SWIFT_VERSION = 5.0;
				TARGETED_DEVICE_FAMILY = 1;
			};
			name = Debug;
		};
		5D8648EB29460B8300E4A646 /* Release */ = {
			isa = XCBuildConfiguration;
			baseConfigurationReference = 7EEC5E55117252877B16E37C /* Pods-IMAB.release.xcconfig */;
			buildSettings = {
				ASSETCATALOG_COMPILER_APPICON_NAME = AppIcon;
				ASSETCATALOG_COMPILER_GLOBAL_ACCENT_COLOR_NAME = AccentColor;
				CODE_SIGN_ENTITLEMENTS = IMAB/IMAB.entitlements;
				CODE_SIGN_IDENTITY = "Apple Development";
				CODE_SIGN_STYLE = Automatic;
				CURRENT_PROJECT_VERSION = 14;
				DEVELOPMENT_TEAM = "";
				GENERATE_INFOPLIST_FILE = YES;
				INFOPLIST_FILE = IMAB/Info.plist;
				INFOPLIST_KEY_CFBundleDisplayName = IMAB;
				INFOPLIST_KEY_LSApplicationCategoryType = "public.app-category.social-networking";
				INFOPLIST_KEY_NSAppleMusicUsageDescription = "IMAB app want media library access to fetch profile picture";
				INFOPLIST_KEY_NSCalendarsUsageDescription = "IMAB want access calendar to save event date";
				INFOPLIST_KEY_NSCameraUsageDescription = "IMAB app want camera access to capture profile picture ";
				INFOPLIST_KEY_NSLocationWhenInUseUsageDescription = "IMAB need your location to fetch nearest host";
				INFOPLIST_KEY_UIApplicationSupportsIndirectInputEvents = YES;
				INFOPLIST_KEY_UILaunchStoryboardName = LaunchScreen;
				INFOPLIST_KEY_UIMainStoryboardFile = Main;
				INFOPLIST_KEY_UISupportedInterfaceOrientations = UIInterfaceOrientationPortrait;
				INFOPLIST_KEY_UISupportedInterfaceOrientations_iPad = "UIInterfaceOrientationLandscapeLeft UIInterfaceOrientationLandscapeRight UIInterfaceOrientationPortrait UIInterfaceOrientationPortraitUpsideDown";
				INFOPLIST_KEY_UIUserInterfaceStyle = Light;
				IPHONEOS_DEPLOYMENT_TARGET = 14.2;
				LD_RUNPATH_SEARCH_PATHS = (
					"$(inherited)",
					"@executable_path/Frameworks",
				);
				MARKETING_VERSION = 14;
				PRODUCT_BUNDLE_IDENTIFIER = online.softment.IMAB;
				PRODUCT_NAME = "$(TARGET_NAME)";
				PROVISIONING_PROFILE_SPECIFIER = "";
				SUPPORTED_PLATFORMS = "iphoneos iphonesimulator";
				SUPPORTS_MACCATALYST = NO;
				SUPPORTS_MAC_DESIGNED_FOR_IPHONE_IPAD = NO;
				SUPPORTS_XR_DESIGNED_FOR_IPHONE_IPAD = NO;
				SWIFT_EMIT_LOC_STRINGS = YES;
				SWIFT_ENABLE_BATCH_MODE = "";
				SWIFT_VERSION = 5.0;
				TARGETED_DEVICE_FAMILY = 1;
			};
			name = Release;
		};
/* End XCBuildConfiguration section */

/* Begin XCConfigurationList section */
		5D8648D029460B8100E4A646 /* Build configuration list for PBXProject "IMAB" */ = {
			isa = XCConfigurationList;
			buildConfigurations = (
				5D8648E729460B8300E4A646 /* Debug */,
				5D8648E829460B8300E4A646 /* Release */,
			);
			defaultConfigurationIsVisible = 0;
			defaultConfigurationName = Release;
		};
		5D8648E929460B8300E4A646 /* Build configuration list for PBXNativeTarget "IMAB" */ = {
			isa = XCConfigurationList;
			buildConfigurations = (
				5D8648EA29460B8300E4A646 /* Debug */,
				5D8648EB29460B8300E4A646 /* Release */,
			);
			defaultConfigurationIsVisible = 0;
			defaultConfigurationName = Release;
		};
/* End XCConfigurationList section */
	};
	rootObject = 5D8648CD29460B8100E4A646 /* Project object */;
}
